
Microsoft Visual Studio Solution File, Format Version 12.00
# Visual Studio Version 16
VisualStudioVersion = 16.0.29001.49
MinimumVisualStudioVersion = 10.0.40219.1
Project("{FAE04EC0-301F-11D3-BF4B-00C04F79EFBC}") = "10minWalk", "Codewars\10minWalk.csproj", "{493E7AE2-1C44-40DD-ACAB-55B2F110300E}"
EndProject
Project("{FAE04EC0-301F-11D3-BF4B-00C04F79EFBC}") = "population", "population\population.csproj", "{F8E13933-DB31-4AB6-9A8B-199704D69D13}"
EndProject
Project("{9A19103F-16F7-4668-BE54-9A1E7A4F7556}") = "wholikesit", "wholikesit\wholikesit.csproj", "{51D2FCF6-ABC5-4E7F-8043-ECA58D6B0A7E}"
EndProject
Project("{9A19103F-16F7-4668-BE54-9A1E7A4F7556}") = "jadencase", "jadencase\jadencase.csproj", "{573717F0-3CAB-4AF3-A655-1F353A5F6F10}"
EndProject
Project("{9A19103F-16F7-4668-BE54-9A1E7A4F7556}") = "morsecode", "morsecode\morsecode.csproj", "{6FB18282-13C2-4D8E-8ABD-96B974CA9DDF}"
EndProject
Project("{9A19103F-16F7-4668-BE54-9A1E7A4F7556}") = "square", "square\square.csproj", "{8919C13A-7B90-4384-B57E-6E2D95AAF373}"
EndProject
Project("{9A19103F-16F7-4668-BE54-9A1E7A4F7556}") = "yourorder", "yourorder\yourorder.csproj", "{D39F9583-F89F-46D1-BF8F-CFA24EF63E21}"
EndProject
Project("{9A19103F-16F7-4668-BE54-9A1E7A4F7556}") = "panagram", "panagram\panagram.csproj", "{1A92E545-DAAF-42AE-AD18-51BBD546DD82}"
EndProject
Project("{9A19103F-16F7-4668-BE54-9A1E7A4F7556}") = "splitstrings", "splitstrings\splitstrings.csproj", "{ACE2B007-0135-4D85-B4BB-947D28D2B5AD}"
EndProject
Project("{9A19103F-16F7-4668-BE54-9A1E7A4F7556}") = "uniqueinorder", "uniqueinorder\uniqueinorder.csproj", "{8730CF20-20AB-4726-AB77-5FBF8DBB1BC7}"
EndProject
Project("{9A19103F-16F7-4668-BE54-9A1E7A4F7556}") = "directionsbad", "directionsbad\directionsbad.csproj", "{6E9C1885-39A7-4919-A031-B4C685670160}"
EndProject
Project("{9A19103F-16F7-4668-BE54-9A1E7A4F7556}") = "BouncingBall", "BouncingBall\BouncingBall.csproj", "{686ACF99-6483-4623-85B2-237074C34133}"
EndProject
Project("{9A19103F-16F7-4668-BE54-9A1E7A4F7556}") = "Parentheses (in progress)", "Parentheses\Parentheses (in progress).csproj", "{B7D586B9-B011-4A7F-9728-8E5F4E233F66}"
EndProject
Project("{9A19103F-16F7-4668-BE54-9A1E7A4F7556}") = "sumstrings", "sumstrings\sumstrings.csproj", "{9F0903A6-9514-4BFB-B364-491BD1ACE299}"
EndProject
Project("{9A19103F-16F7-4668-BE54-9A1E7A4F7556}") = "skyscraper", "skyscraper\skyscraper.csproj", "{220AEB97-AE1C-4C54-92EE-1C82C5C887F8}"
EndProject
Project("{9A19103F-16F7-4668-BE54-9A1E7A4F7556}") = "PagnationHelper", "PagnationHelper\PagnationHelper.csproj", "{722C65E3-4951-4798-B1A4-046A6648C892}"
EndProject
Project("{9A19103F-16F7-4668-BE54-9A1E7A4F7556}") = "greedisgood", "greedisgood\greedisgood.csproj", "{5AAAD0AA-26E0-481C-9581-988793702D7D}"
EndProject
Project("{9A19103F-16F7-4668-BE54-9A1E7A4F7556}") = "sudoku", "sudoku\sudoku.csproj", "{88941A4C-8456-4024-8E6E-2F6BF3D3F797}"
EndProject
Project("{9A19103F-16F7-4668-BE54-9A1E7A4F7556}") = "doublecola (in  progress)", "doublecola\doublecola (in  progress).csproj", "{F869958F-237A-47EA-9B8E-0E5392E3E322}"
EndProject
Project("{9A19103F-16F7-4668-BE54-9A1E7A4F7556}") = "sortbinarytreebylevels", "sortbinarytreebylevels\sortbinarytreebylevels.csproj", "{F8A8B863-C1F8-407C-92CD-AEF47ECB8084}"
EndProject
Project("{9A19103F-16F7-4668-BE54-9A1E7A4F7556}") = "whoeatswho", "whoeatswho\whoeatswho.csproj", "{8E950434-AEBC-4D03-8FD5-D8CCE966EA56}"
EndProject
Project("{9A19103F-16F7-4668-BE54-9A1E7A4F7556}") = "hextodec", "hextodec\hextodec.csproj", "{F35269A5-87EB-40D3-889E-69AEFB541C4A}"
EndProject
Project("{FAE04EC0-301F-11D3-BF4B-00C04F79EFBC}") = "mumbling", "mumbling\mumbling.csproj", "{BF7EC294-5D6F-48F7-AFD8-BA71B1414241}"
EndProject
Project("{FAE04EC0-301F-11D3-BF4B-00C04F79EFBC}") = "oddnumber", "oddnumber\oddnumber.csproj", "{A1C8A213-74E4-40DD-9BEA-EF0306B77020}"
EndProject
Project("{FAE04EC0-301F-11D3-BF4B-00C04F79EFBC}") = "highlow", "highlow\highlow.csproj", "{812639A3-5230-4AA0-8AEF-77A964261F4D}"
EndProject
Project("{FAE04EC0-301F-11D3-BF4B-00C04F79EFBC}") = "persistentbugger", "persistentbugger\persistentbugger.csproj", "{0445AC04-51A8-431C-BB93-A980961BF96E}"
EndProject
Project("{FAE04EC0-301F-11D3-BF4B-00C04F79EFBC}") = "middlechar", "middlechar\middlechar.csproj", "{C68B2C17-9098-48B6-83EE-2EA5BBFAA2B0}"
EndProject
Global
	GlobalSection(SolutionConfigurationPlatforms) = preSolution
		Debug|Any CPU = Debug|Any CPU
		Release|Any CPU = Release|Any CPU
	EndGlobalSection
	GlobalSection(ProjectConfigurationPlatforms) = postSolution
		{493E7AE2-1C44-40DD-ACAB-55B2F110300E}.Debug|Any CPU.ActiveCfg = Debug|Any CPU
		{493E7AE2-1C44-40DD-ACAB-55B2F110300E}.Debug|Any CPU.Build.0 = Debug|Any CPU
		{493E7AE2-1C44-40DD-ACAB-55B2F110300E}.Release|Any CPU.ActiveCfg = Release|Any CPU
		{493E7AE2-1C44-40DD-ACAB-55B2F110300E}.Release|Any CPU.Build.0 = Release|Any CPU
		{F8E13933-DB31-4AB6-9A8B-199704D69D13}.Debug|Any CPU.ActiveCfg = Debug|Any CPU
		{F8E13933-DB31-4AB6-9A8B-199704D69D13}.Debug|Any CPU.Build.0 = Debug|Any CPU
		{F8E13933-DB31-4AB6-9A8B-199704D69D13}.Release|Any CPU.ActiveCfg = Release|Any CPU
		{F8E13933-DB31-4AB6-9A8B-199704D69D13}.Release|Any CPU.Build.0 = Release|Any CPU
		{51D2FCF6-ABC5-4E7F-8043-ECA58D6B0A7E}.Debug|Any CPU.ActiveCfg = Debug|Any CPU
		{51D2FCF6-ABC5-4E7F-8043-ECA58D6B0A7E}.Debug|Any CPU.Build.0 = Debug|Any CPU
		{51D2FCF6-ABC5-4E7F-8043-ECA58D6B0A7E}.Release|Any CPU.ActiveCfg = Release|Any CPU
		{51D2FCF6-ABC5-4E7F-8043-ECA58D6B0A7E}.Release|Any CPU.Build.0 = Release|Any CPU
		{573717F0-3CAB-4AF3-A655-1F353A5F6F10}.Debug|Any CPU.ActiveCfg = Debug|Any CPU
		{573717F0-3CAB-4AF3-A655-1F353A5F6F10}.Debug|Any CPU.Build.0 = Debug|Any CPU
		{573717F0-3CAB-4AF3-A655-1F353A5F6F10}.Release|Any CPU.ActiveCfg = Release|Any CPU
		{573717F0-3CAB-4AF3-A655-1F353A5F6F10}.Release|Any CPU.Build.0 = Release|Any CPU
		{6FB18282-13C2-4D8E-8ABD-96B974CA9DDF}.Debug|Any CPU.ActiveCfg = Debug|Any CPU
		{6FB18282-13C2-4D8E-8ABD-96B974CA9DDF}.Debug|Any CPU.Build.0 = Debug|Any CPU
		{6FB18282-13C2-4D8E-8ABD-96B974CA9DDF}.Release|Any CPU.ActiveCfg = Release|Any CPU
		{6FB18282-13C2-4D8E-8ABD-96B974CA9DDF}.Release|Any CPU.Build.0 = Release|Any CPU
		{8919C13A-7B90-4384-B57E-6E2D95AAF373}.Debug|Any CPU.ActiveCfg = Debug|Any CPU
		{8919C13A-7B90-4384-B57E-6E2D95AAF373}.Debug|Any CPU.Build.0 = Debug|Any CPU
		{8919C13A-7B90-4384-B57E-6E2D95AAF373}.Release|Any CPU.ActiveCfg = Release|Any CPU
		{8919C13A-7B90-4384-B57E-6E2D95AAF373}.Release|Any CPU.Build.0 = Release|Any CPU
		{D39F9583-F89F-46D1-BF8F-CFA24EF63E21}.Debug|Any CPU.ActiveCfg = Debug|Any CPU
		{D39F9583-F89F-46D1-BF8F-CFA24EF63E21}.Debug|Any CPU.Build.0 = Debug|Any CPU
		{D39F9583-F89F-46D1-BF8F-CFA24EF63E21}.Release|Any CPU.ActiveCfg = Release|Any CPU
		{D39F9583-F89F-46D1-BF8F-CFA24EF63E21}.Release|Any CPU.Build.0 = Release|Any CPU
		{1A92E545-DAAF-42AE-AD18-51BBD546DD82}.Debug|Any CPU.ActiveCfg = Debug|Any CPU
		{1A92E545-DAAF-42AE-AD18-51BBD546DD82}.Debug|Any CPU.Build.0 = Debug|Any CPU
		{1A92E545-DAAF-42AE-AD18-51BBD546DD82}.Release|Any CPU.ActiveCfg = Release|Any CPU
		{1A92E545-DAAF-42AE-AD18-51BBD546DD82}.Release|Any CPU.Build.0 = Release|Any CPU
		{ACE2B007-0135-4D85-B4BB-947D28D2B5AD}.Debug|Any CPU.ActiveCfg = Debug|Any CPU
		{ACE2B007-0135-4D85-B4BB-947D28D2B5AD}.Debug|Any CPU.Build.0 = Debug|Any CPU
		{ACE2B007-0135-4D85-B4BB-947D28D2B5AD}.Release|Any CPU.ActiveCfg = Release|Any CPU
		{ACE2B007-0135-4D85-B4BB-947D28D2B5AD}.Release|Any CPU.Build.0 = Release|Any CPU
		{8730CF20-20AB-4726-AB77-5FBF8DBB1BC7}.Debug|Any CPU.ActiveCfg = Debug|Any CPU
		{8730CF20-20AB-4726-AB77-5FBF8DBB1BC7}.Debug|Any CPU.Build.0 = Debug|Any CPU
		{8730CF20-20AB-4726-AB77-5FBF8DBB1BC7}.Release|Any CPU.ActiveCfg = Release|Any CPU
		{8730CF20-20AB-4726-AB77-5FBF8DBB1BC7}.Release|Any CPU.Build.0 = Release|Any CPU
		{6E9C1885-39A7-4919-A031-B4C685670160}.Debug|Any CPU.ActiveCfg = Debug|Any CPU
		{6E9C1885-39A7-4919-A031-B4C685670160}.Debug|Any CPU.Build.0 = Debug|Any CPU
		{6E9C1885-39A7-4919-A031-B4C685670160}.Release|Any CPU.ActiveCfg = Release|Any CPU
		{6E9C1885-39A7-4919-A031-B4C685670160}.Release|Any CPU.Build.0 = Release|Any CPU
		{686ACF99-6483-4623-85B2-237074C34133}.Debug|Any CPU.ActiveCfg = Debug|Any CPU
		{686ACF99-6483-4623-85B2-237074C34133}.Debug|Any CPU.Build.0 = Debug|Any CPU
		{686ACF99-6483-4623-85B2-237074C34133}.Release|Any CPU.ActiveCfg = Release|Any CPU
		{686ACF99-6483-4623-85B2-237074C34133}.Release|Any CPU.Build.0 = Release|Any CPU
		{B7D586B9-B011-4A7F-9728-8E5F4E233F66}.Debug|Any CPU.ActiveCfg = Debug|Any CPU
		{B7D586B9-B011-4A7F-9728-8E5F4E233F66}.Debug|Any CPU.Build.0 = Debug|Any CPU
		{B7D586B9-B011-4A7F-9728-8E5F4E233F66}.Release|Any CPU.ActiveCfg = Release|Any CPU
		{B7D586B9-B011-4A7F-9728-8E5F4E233F66}.Release|Any CPU.Build.0 = Release|Any CPU
		{9F0903A6-9514-4BFB-B364-491BD1ACE299}.Debug|Any CPU.ActiveCfg = Debug|Any CPU
		{9F0903A6-9514-4BFB-B364-491BD1ACE299}.Debug|Any CPU.Build.0 = Debug|Any CPU
		{9F0903A6-9514-4BFB-B364-491BD1ACE299}.Release|Any CPU.ActiveCfg = Release|Any CPU
		{9F0903A6-9514-4BFB-B364-491BD1ACE299}.Release|Any CPU.Build.0 = Release|Any CPU
		{220AEB97-AE1C-4C54-92EE-1C82C5C887F8}.Debug|Any CPU.ActiveCfg = Debug|Any CPU
		{220AEB97-AE1C-4C54-92EE-1C82C5C887F8}.Debug|Any CPU.Build.0 = Debug|Any CPU
		{220AEB97-AE1C-4C54-92EE-1C82C5C887F8}.Release|Any CPU.ActiveCfg = Release|Any CPU
		{220AEB97-AE1C-4C54-92EE-1C82C5C887F8}.Release|Any CPU.Build.0 = Release|Any CPU
		{722C65E3-4951-4798-B1A4-046A6648C892}.Debug|Any CPU.ActiveCfg = Debug|Any CPU
		{722C65E3-4951-4798-B1A4-046A6648C892}.Debug|Any CPU.Build.0 = Debug|Any CPU
		{722C65E3-4951-4798-B1A4-046A6648C892}.Release|Any CPU.ActiveCfg = Release|Any CPU
		{722C65E3-4951-4798-B1A4-046A6648C892}.Release|Any CPU.Build.0 = Release|Any CPU
		{5AAAD0AA-26E0-481C-9581-988793702D7D}.Debug|Any CPU.ActiveCfg = Debug|Any CPU
		{5AAAD0AA-26E0-481C-9581-988793702D7D}.Debug|Any CPU.Build.0 = Debug|Any CPU
		{5AAAD0AA-26E0-481C-9581-988793702D7D}.Release|Any CPU.ActiveCfg = Release|Any CPU
		{5AAAD0AA-26E0-481C-9581-988793702D7D}.Release|Any CPU.Build.0 = Release|Any CPU
		{88941A4C-8456-4024-8E6E-2F6BF3D3F797}.Debug|Any CPU.ActiveCfg = Debug|Any CPU
		{88941A4C-8456-4024-8E6E-2F6BF3D3F797}.Debug|Any CPU.Build.0 = Debug|Any CPU
		{88941A4C-8456-4024-8E6E-2F6BF3D3F797}.Release|Any CPU.ActiveCfg = Release|Any CPU
		{88941A4C-8456-4024-8E6E-2F6BF3D3F797}.Release|Any CPU.Build.0 = Release|Any CPU
		{F869958F-237A-47EA-9B8E-0E5392E3E322}.Debug|Any CPU.ActiveCfg = Debug|Any CPU
		{F869958F-237A-47EA-9B8E-0E5392E3E322}.Debug|Any CPU.Build.0 = Debug|Any CPU
		{F869958F-237A-47EA-9B8E-0E5392E3E322}.Release|Any CPU.ActiveCfg = Release|Any CPU
		{F869958F-237A-47EA-9B8E-0E5392E3E322}.Release|Any CPU.Build.0 = Release|Any CPU
		{F8A8B863-C1F8-407C-92CD-AEF47ECB8084}.Debug|Any CPU.ActiveCfg = Debug|Any CPU
		{F8A8B863-C1F8-407C-92CD-AEF47ECB8084}.Debug|Any CPU.Build.0 = Debug|Any CPU
		{F8A8B863-C1F8-407C-92CD-AEF47ECB8084}.Release|Any CPU.ActiveCfg = Release|Any CPU
		{F8A8B863-C1F8-407C-92CD-AEF47ECB8084}.Release|Any CPU.Build.0 = Release|Any CPU
		{8E950434-AEBC-4D03-8FD5-D8CCE966EA56}.Debug|Any CPU.ActiveCfg = Debug|Any CPU
		{8E950434-AEBC-4D03-8FD5-D8CCE966EA56}.Debug|Any CPU.Build.0 = Debug|Any CPU
		{8E950434-AEBC-4D03-8FD5-D8CCE966EA56}.Release|Any CPU.ActiveCfg = Release|Any CPU
		{8E950434-AEBC-4D03-8FD5-D8CCE966EA56}.Release|Any CPU.Build.0 = Release|Any CPU
		{F35269A5-87EB-40D3-889E-69AEFB541C4A}.Debug|Any CPU.ActiveCfg = Debug|Any CPU
		{F35269A5-87EB-40D3-889E-69AEFB541C4A}.Debug|Any CPU.Build.0 = Debug|Any CPU
		{F35269A5-87EB-40D3-889E-69AEFB541C4A}.Release|Any CPU.ActiveCfg = Release|Any CPU
		{F35269A5-87EB-40D3-889E-69AEFB541C4A}.Release|Any CPU.Build.0 = Release|Any CPU
		{BF7EC294-5D6F-48F7-AFD8-BA71B1414241}.Debug|Any CPU.ActiveCfg = Debug|Any CPU
		{BF7EC294-5D6F-48F7-AFD8-BA71B1414241}.Debug|Any CPU.Build.0 = Debug|Any CPU
		{BF7EC294-5D6F-48F7-AFD8-BA71B1414241}.Release|Any CPU.ActiveCfg = Release|Any CPU
		{BF7EC294-5D6F-48F7-AFD8-BA71B1414241}.Release|Any CPU.Build.0 = Release|Any CPU
		{A1C8A213-74E4-40DD-9BEA-EF0306B77020}.Debug|Any CPU.ActiveCfg = Debug|Any CPU
		{A1C8A213-74E4-40DD-9BEA-EF0306B77020}.Debug|Any CPU.Build.0 = Debug|Any CPU
		{A1C8A213-74E4-40DD-9BEA-EF0306B77020}.Release|Any CPU.ActiveCfg = Release|Any CPU
		{A1C8A213-74E4-40DD-9BEA-EF0306B77020}.Release|Any CPU.Build.0 = Release|Any CPU
		{812639A3-5230-4AA0-8AEF-77A964261F4D}.Debug|Any CPU.ActiveCfg = Debug|Any CPU
		{812639A3-5230-4AA0-8AEF-77A964261F4D}.Debug|Any CPU.Build.0 = Debug|Any CPU
		{812639A3-5230-4AA0-8AEF-77A964261F4D}.Release|Any CPU.ActiveCfg = Release|Any CPU
		{812639A3-5230-4AA0-8AEF-77A964261F4D}.Release|Any CPU.Build.0 = Release|Any CPU
		{0445AC04-51A8-431C-BB93-A980961BF96E}.Debug|Any CPU.ActiveCfg = Debug|Any CPU
		{0445AC04-51A8-431C-BB93-A980961BF96E}.Debug|Any CPU.Build.0 = Debug|Any CPU
		{0445AC04-51A8-431C-BB93-A980961BF96E}.Release|Any CPU.ActiveCfg = Release|Any CPU
		{0445AC04-51A8-431C-BB93-A980961BF96E}.Release|Any CPU.Build.0 = Release|Any CPU
		{C68B2C17-9098-48B6-83EE-2EA5BBFAA2B0}.Debug|Any CPU.ActiveCfg = Debug|Any CPU
		{C68B2C17-9098-48B6-83EE-2EA5BBFAA2B0}.Debug|Any CPU.Build.0 = Debug|Any CPU
		{C68B2C17-9098-48B6-83EE-2EA5BBFAA2B0}.Release|Any CPU.ActiveCfg = Release|Any CPU
		{C68B2C17-9098-48B6-83EE-2EA5BBFAA2B0}.Release|Any CPU.Build.0 = Release|Any CPU
	EndGlobalSection
	GlobalSection(SolutionProperties) = preSolution
		HideSolutionNode = FALSE
	EndGlobalSection
	GlobalSection(ExtensibilityGlobals) = postSolution
		SolutionGuid = {C19B2852-94FF-4B46-AE06-ED23754FE1F3}
	EndGlobalSection
EndGlobal
